// !$*UTF8*$!
{
	archiveVersion = 1;
	classes = {
	};
	objectVersion = 56;
	objects = {

/* Begin PBXBuildFile section */
		3B6969892A5A3EC700903DC1 /* MyFirstApp.swift in Sources */ = {isa = PBXBuildFile; fileRef = 3B6969882A5A3EC700903DC1 /* MyFirstApp.swift */; };
		3B69698B2A5A3EC700903DC1 /* ContentView.swift in Sources */ = {isa = PBXBuildFile; fileRef = 3B69698A2A5A3EC700903DC1 /* ContentView.swift */; };
		3B69698D2A5A3EC800903DC1 /* Assets.xcassets in Resources */ = {isa = PBXBuildFile; fileRef = 3B69698C2A5A3EC800903DC1 /* Assets.xcassets */; };
		3B6969902A5A3EC800903DC1 /* Preview Assets.xcassets in Resources */ = {isa = PBXBuildFile; fileRef = 3B69698F2A5A3EC800903DC1 /* Preview Assets.xcassets */; };
		3B69699A2A5A3EC800903DC1 /* MyFirstTests.swift in Sources */ = {isa = PBXBuildFile; fileRef = 3B6969992A5A3EC800903DC1 /* MyFirstTests.swift */; };
		3B6969A42A5A3EC800903DC1 /* MyFirstUITests.swift in Sources */ = {isa = PBXBuildFile; fileRef = 3B6969A32A5A3EC800903DC1 /* MyFirstUITests.swift */; };
		3B6969A62A5A3EC800903DC1 /* MyFirstUITestsLaunchTests.swift in Sources */ = {isa = PBXBuildFile; fileRef = 3B6969A52A5A3EC800903DC1 /* MyFirstUITestsLaunchTests.swift */; };
		3B6969B32A5A3EDE00903DC1 /* ByeView.swift in Sources */ = {isa = PBXBuildFile; fileRef = 3B6969B22A5A3EDE00903DC1 /* ByeView.swift */; };
/* End PBXBuildFile section */

/* Begin PBXContainerItemProxy section */
		3B6969962A5A3EC800903DC1 /* PBXContainerItemProxy */ = {
			isa = PBXContainerItemProxy;
			containerPortal = 3B69697D2A5A3EC700903DC1 /* Project object */;
			proxyType = 1;
			remoteGlobalIDString = 3B6969842A5A3EC700903DC1;
			remoteInfo = MyFirst;
		};
		3B6969A02A5A3EC800903DC1 /* PBXContainerItemProxy */ = {
			isa = PBXContainerItemProxy;
			containerPortal = 3B69697D2A5A3EC700903DC1 /* Project object */;
			proxyType = 1;
			remoteGlobalIDString = 3B6969842A5A3EC700903DC1;
			remoteInfo = MyFirst;
		};
/* End PBXContainerItemProxy section */

/* Begin PBXFileReference section */
		3B6969852A5A3EC700903DC1 /* MyFirst.app */ = {isa = PBXFileReference; explicitFileType = wrapper.application; includeInIndex = 0; path = MyFirst.app; sourceTree = BUILT_PRODUCTS_DIR; };
		3B6969882A5A3EC700903DC1 /* MyFirstApp.swift */ = {isa = PBXFileReference; lastKnownFileType = sourcecode.swift; path = MyFirstApp.swift; sourceTree = "<group>"; };
		3B69698A2A5A3EC700903DC1 /* ContentView.swift */ = {isa = PBXFileReference; lastKnownFileType = sourcecode.swift; path = ContentView.swift; sourceTree = "<group>"; };
		3B69698C2A5A3EC800903DC1 /* Assets.xcassets */ = {isa = PBXFileReference; lastKnownFileType = folder.assetcatalog; path = Assets.xcassets; sourceTree = "<group>"; };
		3B69698F2A5A3EC800903DC1 /* Preview Assets.xcassets */ = {isa = PBXFileReference; lastKnownFileType = folder.assetcatalog; path = "Preview Assets.xcassets"; sourceTree = "<group>"; };
		3B6969952A5A3EC800903DC1 /* MyFirstTests.xctest */ = {isa = PBXFileReference; explicitFileType = wrapper.cfbundle; includeInIndex = 0; path = MyFirstTests.xctest; sourceTree = BUILT_PRODUCTS_DIR; };
		3B6969992A5A3EC800903DC1 /* MyFirstTests.swift */ = {isa = PBXFileReference; lastKnownFileType = sourcecode.swift; path = MyFirstTests.swift; sourceTree = "<group>"; };
		3B69699F2A5A3EC800903DC1 /* MyFirstUITests.xctest */ = {isa = PBXFileReference; explicitFileType = wrapper.cfbundle; includeInIndex = 0; path = MyFirstUITests.xctest; sourceTree = BUILT_PRODUCTS_DIR; };
		3B6969A32A5A3EC800903DC1 /* MyFirstUITests.swift */ = {isa = PBXFileReference; lastKnownFileType = sourcecode.swift; path = MyFirstUITests.swift; sourceTree = "<group>"; };
		3B6969A52A5A3EC800903DC1 /* MyFirstUITestsLaunchTests.swift */ = {isa = PBXFileReference; lastKnownFileType = sourcecode.swift; path = MyFirstUITestsLaunchTests.swift; sourceTree = "<group>"; };
		3B6969B22A5A3EDE00903DC1 /* ByeView.swift */ = {isa = PBXFileReference; lastKnownFileType = sourcecode.swift; path = ByeView.swift; sourceTree = "<group>"; };
/* End PBXFileReference section */

/* Begin PBXFrameworksBuildPhase section */
		3B6969822A5A3EC700903DC1 /* Frameworks */ = {
			isa = PBXFrameworksBuildPhase;
			buildActionMask = 2147483647;
			files = (
			);
			runOnlyForDeploymentPostprocessing = 0;
		};
		3B6969922A5A3EC800903DC1 /* Frameworks */ = {
			isa = PBXFrameworksBuildPhase;
			buildActionMask = 2147483647;
			files = (
			);
			runOnlyForDeploymentPostprocessing = 0;
		};
		3B69699C2A5A3EC800903DC1 /* Frameworks */ = {
			isa = PBXFrameworksBuildPhase;
			buildActionMask = 2147483647;
			files = (
			);
			runOnlyForDeploymentPostprocessing = 0;
		};
/* End PBXFrameworksBuildPhase section */

/* Begin PBXGroup section */
		3B69697C2A5A3EC700903DC1 = {
			isa = PBXGroup;
			children = (
				3B6969872A5A3EC700903DC1 /* MyFirst */,
				3B6969982A5A3EC800903DC1 /* MyFirstTests */,
				3B6969A22A5A3EC800903DC1 /* MyFirstUITests */,
				3B6969862A5A3EC700903DC1 /* Products */,
			);
			sourceTree = "<group>";
		};
		3B6969862A5A3EC700903DC1 /* Products */ = {
			isa = PBXGroup;
			children = (
				3B6969852A5A3EC700903DC1 /* MyFirst.app */,
				3B6969952A5A3EC800903DC1 /* MyFirstTests.xctest */,
				3B69699F2A5A3EC800903DC1 /* MyFirstUITests.xctest */,
			);
			name = Products;
			sourceTree = "<group>";
		};
		3B6969872A5A3EC700903DC1 /* MyFirst */ = {
			isa = PBXGroup;
			children = (
				3B6969882A5A3EC700903DC1 /* MyFirstApp.swift */,
				3B69698A2A5A3EC700903DC1 /* ContentView.swift */,
				3B6969B22A5A3EDE00903DC1 /* ByeView.swift */,
				3B69698C2A5A3EC800903DC1 /* Assets.xcassets */,
				3B69698E2A5A3EC800903DC1 /* Preview Content */,
			);
			path = MyFirst;
			sourceTree = "<group>";
		};
		3B69698E2A5A3EC800903DC1 /* Preview Content */ = {
			isa = PBXGroup;
			children = (
				3B69698F2A5A3EC800903DC1 /* Preview Assets.xcassets */,
			);
			path = "Preview Content";
			sourceTree = "<group>";
		};
		3B6969982A5A3EC800903DC1 /* MyFirstTests */ = {
			isa = PBXGroup;
			children = (
				3B6969992A5A3EC800903DC1 /* MyFirstTests.swift */,
			);
			path = MyFirstTests;
			sourceTree = "<group>";
		};
		3B6969A22A5A3EC800903DC1 /* MyFirstUITests */ = {
			isa = PBXGroup;
			children = (
				3B6969A32A5A3EC800903DC1 /* MyFirstUITests.swift */,
				3B6969A52A5A3EC800903DC1 /* MyFirstUITestsLaunchTests.swift */,
			);
			path = MyFirstUITests;
			sourceTree = "<group>";
		};
/* End PBXGroup section */

/* Begin PBXNativeTarget section */
		3B6969842A5A3EC700903DC1 /* MyFirst */ = {
			isa = PBXNativeTarget;
			buildConfigurationList = 3B6969A92A5A3EC800903DC1 /* Build configuration list for PBXNativeTarget "MyFirst" */;
			buildPhases = (
				3B6969812A5A3EC700903DC1 /* Sources */,
				3B6969822A5A3EC700903DC1 /* Frameworks */,
				3B6969832A5A3EC700903DC1 /* Resources */,
			);
			buildRules = (
			);
			dependencies = (
			);
			name = MyFirst;
			productName = MyFirst;
			productReference = 3B6969852A5A3EC700903DC1 /* MyFirst.app */;
			productType = "com.apple.product-type.application";
		};
		3B6969942A5A3EC800903DC1 /* MyFirstTests */ = {
			isa = PBXNativeTarget;
			buildConfigurationList = 3B6969AC2A5A3EC800903DC1 /* Build configuration list for PBXNativeTarget "MyFirstTests" */;
			buildPhases = (
				3B6969912A5A3EC800903DC1 /* Sources */,
				3B6969922A5A3EC800903DC1 /* Frameworks */,
				3B6969932A5A3EC800903DC1 /* Resources */,
			);
			buildRules = (
			);
			dependencies = (
				3B6969972A5A3EC800903DC1 /* PBXTargetDependency */,
			);
			name = MyFirstTests;
			productName = MyFirstTests;
			productReference = 3B6969952A5A3EC800903DC1 /* MyFirstTests.xctest */;
			productType = "com.apple.product-type.bundle.unit-test";
		};
		3B69699E2A5A3EC800903DC1 /* MyFirstUITests */ = {
			isa = PBXNativeTarget;
			buildConfigurationList = 3B6969AF2A5A3EC800903DC1 /* Build configuration list for PBXNativeTarget "MyFirstUITests" */;
			buildPhases = (
				3B69699B2A5A3EC800903DC1 /* Sources */,
				3B69699C2A5A3EC800903DC1 /* Frameworks */,
				3B69699D2A5A3EC800903DC1 /* Resources */,
			);
			buildRules = (
			);
			dependencies = (
				3B6969A12A5A3EC800903DC1 /* PBXTargetDependency */,
			);
			name = MyFirstUITests;
			productName = MyFirstUITests;
			productReference = 3B69699F2A5A3EC800903DC1 /* MyFirstUITests.xctest */;
			productType = "com.apple.product-type.bundle.ui-testing";
		};
/* End PBXNativeTarget section */

/* Begin PBXProject section */
		3B69697D2A5A3EC700903DC1 /* Project object */ = {
			isa = PBXProject;
			attributes = {
				BuildIndependentTargetsInParallel = 1;
				LastSwiftUpdateCheck = 1430;
				LastUpgradeCheck = 1430;
				TargetAttributes = {
					3B6969842A5A3EC700903DC1 = {
						CreatedOnToolsVersion = 14.3.1;
					};
					3B6969942A5A3EC800903DC1 = {
						CreatedOnToolsVersion = 14.3.1;
						TestTargetID = 3B6969842A5A3EC700903DC1;
					};
					3B69699E2A5A3EC800903DC1 = {
						CreatedOnToolsVersion = 14.3.1;
						TestTargetID = 3B6969842A5A3EC700903DC1;
					};
				};
			};
			buildConfigurationList = 3B6969802A5A3EC700903DC1 /* Build configuration list for PBXProject "MyFirst" */;
			compatibilityVersion = "Xcode 14.0";
			developmentRegion = en;
			hasScannedForEncodings = 0;
			knownRegions = (
				en,
				Base,
			);
			mainGroup = 3B69697C2A5A3EC700903DC1;
			productRefGroup = 3B6969862A5A3EC700903DC1 /* Products */;
			projectDirPath = "";
			projectRoot = "";
			targets = (
				3B6969842A5A3EC700903DC1 /* MyFirst */,
				3B6969942A5A3EC800903DC1 /* MyFirstTests */,
				3B69699E2A5A3EC800903DC1 /* MyFirstUITests */,
			);
		};
/* End PBXProject section */

/* Begin PBXResourcesBuildPhase section */
		3B6969832A5A3EC700903DC1 /* Resources */ = {
			isa = PBXResourcesBuildPhase;
			buildActionMask = 2147483647;
			files = (
				3B6969902A5A3EC800903DC1 /* Preview Assets.xcassets in Resources */,
				3B69698D2A5A3EC800903DC1 /* Assets.xcassets in Resources */,
			);
			runOnlyForDeploymentPostprocessing = 0;
		};
		3B6969932A5A3EC800903DC1 /* Resources */ = {
			isa = PBXResourcesBuildPhase;
			buildActionMask = 2147483647;
			files = (
			);
			runOnlyForDeploymentPostprocessing = 0;
		};
		3B69699D2A5A3EC800903DC1 /* Resources */ = {
			isa = PBXResourcesBuildPhase;
			buildActionMask = 2147483647;
			files = (
			);
			runOnlyForDeploymentPostprocessing = 0;
		};
/* End PBXResourcesBuildPhase section */

/* Begin PBXSourcesBuildPhase section */
		3B6969812A5A3EC700903DC1 /* Sources */ = {
			isa = PBXSourcesBuildPhase;
			buildActionMask = 2147483647;
			files = (
				3B6969B32A5A3EDE00903DC1 /* ByeView.swift in Sources */,
				3B69698B2A5A3EC700903DC1 /* ContentView.swift in Sources */,
				3B6969892A5A3EC700903DC1 /* MyFirstApp.swift in Sources */,
			);
			runOnlyForDeploymentPostprocessing = 0;
		};
		3B6969912A5A3EC800903DC1 /* Sources */ = {
			isa = PBXSourcesBuildPhase;
			buildActionMask = 2147483647;
			files = (
				3B69699A2A5A3EC800903DC1 /* MyFirstTests.swift in Sources */,
			);
			runOnlyForDeploymentPostprocessing = 0;
		};
		3B69699B2A5A3EC800903DC1 /* Sources */ = {
			isa = PBXSourcesBuildPhase;
			buildActionMask = 2147483647;
			files = (
				3B6969A42A5A3EC800903DC1 /* MyFirstUITests.swift in Sources */,
				3B6969A62A5A3EC800903DC1 /* MyFirstUITestsLaunchTests.swift in Sources */,
			);
			runOnlyForDeploymentPostprocessing = 0;
		};
/* End PBXSourcesBuildPhase section */

/* Begin PBXTargetDependency section */
		3B6969972A5A3EC800903DC1 /* PBXTargetDependency */ = {
			isa = PBXTargetDependency;
			target = 3B6969842A5A3EC700903DC1 /* MyFirst */;
			targetProxy = 3B6969962A5A3EC800903DC1 /* PBXContainerItemProxy */;
		};
		3B6969A12A5A3EC800903DC1 /* PBXTargetDependency */ = {
			isa = PBXTargetDependency;
			target = 3B6969842A5A3EC700903DC1 /* MyFirst */;
			targetProxy = 3B6969A02A5A3EC800903DC1 /* PBXContainerItemProxy */;
		};
/* End PBXTargetDependency section */

/* Begin XCBuildConfiguration section */
		3B6969A72A5A3EC800903DC1 /* Debug */ = {
			isa = XCBuildConfiguration;
			buildSettings = {
				ALWAYS_SEARCH_USER_PATHS = NO;
				CLANG_ANALYZER_NONNULL = YES;
				CLANG_ANALYZER_NUMBER_OBJECT_CONVERSION = YES_AGGRESSIVE;
				CLANG_CXX_LANGUAGE_STANDARD = "gnu++20";
				CLANG_ENABLE_MODULES = YES;
				CLANG_ENABLE_OBJC_ARC = YES;
				CLANG_ENABLE_OBJC_WEAK = YES;
				CLANG_WARN_BLOCK_CAPTURE_AUTORELEASING = YES;
				CLANG_WARN_BOOL_CONVERSION = YES;
				CLANG_WARN_COMMA = YES;
				CLANG_WARN_CONSTANT_CONVERSION = YES;
				CLANG_WARN_DEPRECATED_OBJC_IMPLEMENTATIONS = YES;
				CLANG_WARN_DIRECT_OBJC_ISA_USAGE = YES_ERROR;
				CLANG_WARN_DOCUMENTATION_COMMENTS = YES;
				CLANG_WARN_EMPTY_BODY = YES;
				CLANG_WARN_ENUM_CONVERSION = YES;
				CLANG_WARN_INFINITE_RECURSION = YES;
				CLANG_WARN_INT_CONVERSION = YES;
				CLANG_WARN_NON_LITERAL_NULL_CONVERSION = YES;
				CLANG_WARN_OBJC_IMPLICIT_RETAIN_SELF = YES;
				CLANG_WARN_OBJC_LITERAL_CONVERSION = YES;
				CLANG_WARN_OBJC_ROOT_CLASS = YES_ERROR;
				CLANG_WARN_QUOTED_INCLUDE_IN_FRAMEWORK_HEADER = YES;
				CLANG_WARN_RANGE_LOOP_ANALYSIS = YES;
				CLANG_WARN_STRICT_PROTOTYPES = YES;
				CLANG_WARN_SUSPICIOUS_MOVE = YES;
				CLANG_WARN_UNGUARDED_AVAILABILITY = YES_AGGRESSIVE;
				CLANG_WARN_UNREACHABLE_CODE = YES;
				CLANG_WARN__DUPLICATE_METHOD_MATCH = YES;
				COPY_PHASE_STRIP = NO;
				DEBUG_INFORMATION_FORMAT = dwarf;
				ENABLE_STRICT_OBJC_MSGSEND = YES;
				ENABLE_TESTABILITY = YES;
				GCC_C_LANGUAGE_STANDARD = gnu11;
				GCC_DYNAMIC_NO_PIC = NO;
				GCC_NO_COMMON_BLOCKS = YES;
				GCC_OPTIMIZATION_LEVEL = 0;
				GCC_PREPROCESSOR_DEFINITIONS = (
					"DEBUG=1",
					"$(inherited)",
				);
				GCC_WARN_64_TO_32_BIT_CONVERSION = YES;
				GCC_WARN_ABOUT_RETURN_TYPE = YES_ERROR;
				GCC_WARN_UNDECLARED_SELECTOR = YES;
				GCC_WARN_UNINITIALIZED_AUTOS = YES_AGGRESSIVE;
				GCC_WARN_UNUSED_FUNCTION = YES;
				GCC_WARN_UNUSED_VARIABLE = YES;
				IPHONEOS_DEPLOYMENT_TARGET = 16.4;
				MTL_ENABLE_DEBUG_INFO = INCLUDE_SOURCE;
				MTL_FAST_MATH = YES;
				ONLY_ACTIVE_ARCH = YES;
				SDKROOT = iphoneos;
				SWIFT_ACTIVE_COMPILATION_CONDITIONS = DEBUG;
				SWIFT_OPTIMIZATION_LEVEL = "-Onone";
			};
			name = Debug;
		};
		3B6969A82A5A3EC800903DC1 /* Release */ = {
			isa = XCBuildConfiguration;
			buildSettings = {
				ALWAYS_SEARCH_USER_PATHS = NO;
				CLANG_ANALYZER_NONNULL = YES;
				CLANG_ANALYZER_NUMBER_OBJECT_CONVERSION = YES_AGGRESSIVE;
				CLANG_CXX_LANGUAGE_STANDARD = "gnu++20";
				CLANG_ENABLE_MODULES = YES;
				CLANG_ENABLE_OBJC_ARC = YES;
				CLANG_ENABLE_OBJC_WEAK = YES;
				CLANG_WARN_BLOCK_CAPTURE_AUTORELEASING = YES;
				CLANG_WARN_BOOL_CONVERSION = YES;
				CLANG_WARN_COMMA = YES;
				CLANG_WARN_CONSTANT_CONVERSION = YES;
				CLANG_WARN_DEPRECATED_OBJC_IMPLEMENTATIONS = YES;
				CLANG_WARN_DIRECT_OBJC_ISA_USAGE = YES_ERROR;
				CLANG_WARN_DOCUMENTATION_COMMENTS = YES;
				CLANG_WARN_EMPTY_BODY = YES;
				CLANG_WARN_ENUM_CONVERSION = YES;
				CLANG_WARN_INFINITE_RECURSION = YES;
				CLANG_WARN_INT_CONVERSION = YES;
				CLANG_WARN_NON_LITERAL_NULL_CONVERSION = YES;
				CLANG_WARN_OBJC_IMPLICIT_RETAIN_SELF = YES;
				CLANG_WARN_OBJC_LITERAL_CONVERSION = YES;
				CLANG_WARN_OBJC_ROOT_CLASS = YES_ERROR;
				CLANG_WARN_QUOTED_INCLUDE_IN_FRAMEWORK_HEADER = YES;
				CLANG_WARN_RANGE_LOOP_ANALYSIS = YES;
				CLANG_WARN_STRICT_PROTOTYPES = YES;
				CLANG_WARN_SUSPICIOUS_MOVE = YES;
				CLANG_WARN_UNGUARDED_AVAILABILITY = YES_AGGRESSIVE;
				CLANG_WARN_UNREACHABLE_CODE = YES;
				CLANG_WARN__DUPLICATE_METHOD_MATCH = YES;
				COPY_PHASE_STRIP = NO;
				DEBUG_INFORMATION_FORMAT = "dwarf-with-dsym";
				ENABLE_NS_ASSERTIONS = NO;
				ENABLE_STRICT_OBJC_MSGSEND = YES;
				GCC_C_LANGUAGE_STANDARD = gnu11;
				GCC_NO_COMMON_BLOCKS = YES;
				GCC_WARN_64_TO_32_BIT_CONVERSION = YES;
				GCC_WARN_ABOUT_RETURN_TYPE = YES_ERROR;
				GCC_WARN_UNDECLARED_SELECTOR = YES;
				GCC_WARN_UNINITIALIZED_AUTOS = YES_AGGRESSIVE;
				GCC_WARN_UNUSED_FUNCTION = YES;
				GCC_WARN_UNUSED_VARIABLE = YES;
				IPHONEOS_DEPLOYMENT_TARGET = 16.4;
				MTL_ENABLE_DEBUG_INFO = NO;
				MTL_FAST_MATH = YES;
				SDKROOT = iphoneos;
				SWIFT_COMPILATION_MODE = wholemodule;
				SWIFT_OPTIMIZATION_LEVEL = "-O";
				VALIDATE_PRODUCT = YES;
			};
			name = Release;
		};
		3B6969AA2A5A3EC800903DC1 /* Debug */ = {
			isa = XCBuildConfiguration;
			buildSettings = {
				ASSETCATALOG_COMPILER_APPICON_NAME = AppIcon;
				ASSETCATALOG_COMPILER_GLOBAL_ACCENT_COLOR_NAME = AccentColor;
				CODE_SIGN_STYLE = Automatic;
				CURRENT_PROJECT_VERSION = 1;
				DEVELOPMENT_ASSET_PATHS = "\"MyFirst/Preview Content\"";
				DEVELOPMENT_TEAM = ZWJN8GQ4NS;
				ENABLE_PREVIEWS = YES;
				GENERATE_INFOPLIST_FILE = YES;
				INFOPLIST_KEY_UIApplicationSceneManifest_Generation = YES;
				INFOPLIST_KEY_UIApplicationSupportsIndirectInputEvents = YES;
				INFOPLIST_KEY_UILaunchScreen_Generation = YES;
				INFOPLIST_KEY_UISupportedInterfaceOrientations_iPad = "UIInterfaceOrientationPortrait UIInterfaceOrientationPortraitUpsideDown UIInterfaceOrientationLandscapeLeft UIInterfaceOrientationLandscapeRight";
				INFOPLIST_KEY_UISupportedInterfaceOrientations_iPhone = "UIInterfaceOrientationPortrait UIInterfaceOrientationLandscapeLeft UIInterfaceOrientationLandscapeRight";
				LD_RUNPATH_SEARCH_PATHS = (
					"$(inherited)",
					"@executable_path/Frameworks",
				);
				MARKETING_VERSION = 1.0;
				PRODUCT_BUNDLE_IDENTIFIER = com.triple.MyFirst;
				PRODUCT_NAME = "$(TARGET_NAME)";
				SWIFT_EMIT_LOC_STRINGS = YES;
				SWIFT_VERSION = 5.0;
				TARGETED_DEVICE_FAMILY = "1,2";
			};
			name = Debug;
		};
		3B6969AB2A5A3EC800903DC1 /* Release */ = {
			isa = XCBuildConfiguration;
			buildSettings = {
				ASSETCATALOG_COMPILER_APPICON_NAME = AppIcon;
				ASSETCATALOG_COMPILER_GLOBAL_ACCENT_COLOR_NAME = AccentColor;
				CODE_SIGN_STYLE = Automatic;
				CURRENT_PROJECT_VERSION = 1;
				DEVELOPMENT_ASSET_PATHS = "\"MyFirst/Preview Content\"";
				DEVELOPMENT_TEAM = ZWJN8GQ4NS;
				ENABLE_PREVIEWS = YES;
				GENERATE_INFOPLIST_FILE = YES;
				INFOPLIST_KEY_UIApplicationSceneManifest_Generation = YES;
				INFOPLIST_KEY_UIApplicationSupportsIndirectInputEvents = YES;
				INFOPLIST_KEY_UILaunchScreen_Generation = YES;
				INFOPLIST_KEY_UISupportedInterfaceOrientations_iPad = "UIInterfaceOrientationPortrait UIInterfaceOrientationPortraitUpsideDown UIInterfaceOrientationLandscapeLeft UIInterfaceOrientationLandscapeRight";
				INFOPLIST_KEY_UISupportedInterfaceOrientations_iPhone = "UIInterfaceOrientationPortrait UIInterfaceOrientationLandscapeLeft UIInterfaceOrientationLandscapeRight";
				LD_RUNPATH_SEARCH_PATHS = (
					"$(inherited)",
					"@executable_path/Frameworks",
				);
				MARKETING_VERSION = 1.0;
				PRODUCT_BUNDLE_IDENTIFIER = com.triple.MyFirst;
				PRODUCT_NAME = "$(TARGET_NAME)";
				SWIFT_EMIT_LOC_STRINGS = YES;
				SWIFT_VERSION = 5.0;
				TARGETED_DEVICE_FAMILY = "1,2";
			};
			name = Release;
		};
		3B6969AD2A5A3EC800903DC1 /* Debug */ = {
			isa = XCBuildConfiguration;
			buildSettings = {
				ALWAYS_EMBED_SWIFT_STANDARD_LIBRARIES = YES;
				BUNDLE_LOADER = "$(TEST_HOST)";
				CODE_SIGN_STYLE = Automatic;
				CURRENT_PROJECT_VERSION = 1;
				DEVELOPMENT_TEAM = ZWJN8GQ4NS;
				GENERATE_INFOPLIST_FILE = YES;
				IPHONEOS_DEPLOYMENT_TARGET = 16.4;
				MARKETING_VERSION = 1.0;
				PRODUCT_BUNDLE_IDENTIFIER = com.triple.MyFirstTests;
				PRODUCT_NAME = "$(TARGET_NAME)";
				SWIFT_EMIT_LOC_STRINGS = NO;
				SWIFT_VERSION = 5.0;
				TARGETED_DEVICE_FAMILY = "1,2";
				TEST_HOST = "$(BUILT_PRODUCTS_DIR)/MyFirst.app/$(BUNDLE_EXECUTABLE_FOLDER_PATH)/MyFirst";
			};
			name = Debug;
		};
		3B6969AE2A5A3EC800903DC1 /* Release */ = {
			isa = XCBuildConfiguration;
			buildSettings = {
				ALWAYS_EMBED_SWIFT_STANDARD_LIBRARIES = YES;
				BUNDLE_LOADER = "$(TEST_HOST)";
				CODE_SIGN_STYLE = Automatic;
				CURRENT_PROJECT_VERSION = 1;
				DEVELOPMENT_TEAM = ZWJN8GQ4NS;
				GENERATE_INFOPLIST_FILE = YES;
				IPHONEOS_DEPLOYMENT_TARGET = 16.4;
				MARKETING_VERSION = 1.0;
				PRODUCT_BUNDLE_IDENTIFIER = com.triple.MyFirstTests;
				PRODUCT_NAME = "$(TARGET_NAME)";
				SWIFT_EMIT_LOC_STRINGS = NO;
				SWIFT_VERSION = 5.0;
				TARGETED_DEVICE_FAMILY = "1,2";
				TEST_HOST = "$(BUILT_PRODUCTS_DIR)/MyFirst.app/$(BUNDLE_EXECUTABLE_FOLDER_PATH)/MyFirst";
			};
			name = Release;
		};
		3B6969B02A5A3EC800903DC1 /* Debug */ = {
			isa = XCBuildConfiguration;
			buildSettings = {
				ALWAYS_EMBED_SWIFT_STANDARD_LIBRARIES = YES;
				CODE_SIGN_STYLE = Automatic;
				CURRENT_PROJECT_VERSION = 1;
				DEVELOPMENT_TEAM = ZWJN8GQ4NS;
				GENERATE_INFOPLIST_FILE = YES;
				MARKETING_VERSION = 1.0;
				PRODUCT_BUNDLE_IDENTIFIER = com.triple.MyFirstUITests;
				PRODUCT_NAME = "$(TARGET_NAME)";
				SWIFT_EMIT_LOC_STRINGS = NO;
				SWIFT_VERSION = 5.0;
				TARGETED_DEVICE_FAMILY = "1,2";
				TEST_TARGET_NAME = MyFirst;
			};
			name = Debug;
		};
		3B6969B12A5A3EC800903DC1 /* Release */ = {
			isa = XCBuildConfiguration;
			buildSettings = {
				ALWAYS_EMBED_SWIFT_STANDARD_LIBRARIES = YES;
				CODE_SIGN_STYLE = Automatic;
				CURRENT_PROJECT_VERSION = 1;
				DEVELOPMENT_TEAM = ZWJN8GQ4NS;
				GENERATE_INFOPLIST_FILE = YES;
				MARKETING_VERSION = 1.0;
				PRODUCT_BUNDLE_IDENTIFIER = com.triple.MyFirstUITests;
				PRODUCT_NAME = "$(TARGET_NAME)";
				SWIFT_EMIT_LOC_STRINGS = NO;
				SWIFT_VERSION = 5.0;
				TARGETED_DEVICE_FAMILY = "1,2";
				TEST_TARGET_NAME = MyFirst;
			};
			name = Release;
		};
/* End XCBuildConfiguration section */

/* Begin XCConfigurationList section */
		3B6969802A5A3EC700903DC1 /* Build configuration list for PBXProject "MyFirst" */ = {
			isa = XCConfigurationList;
			buildConfigurations = (
				3B6969A72A5A3EC800903DC1 /* Debug */,
				3B6969A82A5A3EC800903DC1 /* Release */,
			);
			defaultConfigurationIsVisible = 0;
			defaultConfigurationName = Release;
		};
		3B6969A92A5A3EC800903DC1 /* Build configuration list for PBXNativeTarget "MyFirst" */ = {
			isa = XCConfigurationList;
			buildConfigurations = (
				3B6969AA2A5A3EC800903DC1 /* Debug */,
				3B6969AB2A5A3EC800903DC1 /* Release */,
			);
			defaultConfigurationIsVisible = 0;
			defaultConfigurationName = Release;
		};
		3B6969AC2A5A3EC800903DC1 /* Build configuration list for PBXNativeTarget "MyFirstTests" */ = {
			isa = XCConfigurationList;
			buildConfigurations = (
				3B6969AD2A5A3EC800903DC1 /* Debug */,
				3B6969AE2A5A3EC800903DC1 /* Release */,
			);
			defaultConfigurationIsVisible = 0;
			defaultConfigurationName = Release;
		};
		3B6969AF2A5A3EC800903DC1 /* Build configuration list for PBXNativeTarget "MyFirstUITests" */ = {
			isa = XCConfigurationList;
			buildConfigurations = (
				3B6969B02A5A3EC800903DC1 /* Debug */,
				3B6969B12A5A3EC800903DC1 /* Release */,
			);
			defaultConfigurationIsVisible = 0;
			defaultConfigurationName = Release;
		};
/* End XCConfigurationList section */
	};
	rootObject = 3B69697D2A5A3EC700903DC1 /* Project object */;
}
